
Microsoft Visual Studio Solution File, Format Version 12.00
# Visual Studio 2013
VisualStudioVersion = 12.0.30501.0
MinimumVisualStudioVersion = 10.0.40219.1
Project("{FAE04EC0-301F-11D3-BF4B-00C04F79EFBC}") = "GeneticAlgorithm", "GeneticAlgorithm\GeneticAlgorithm.csproj", "{A39A3A87-49AC-4226-AC4F-C9B2C12B75DF}"
EndProject
Project("{FAE04EC0-301F-11D3-BF4B-00C04F79EFBC}") = "Console", "Console\Console.csproj", "{72FA3CB6-B5E7-4311-AD05-A7478DAFE925}"
EndProject
Project("{FAE04EC0-301F-11D3-BF4B-00C04F79EFBC}") = "GeneticAlgorithm.Knapsack", "GeneticAlgorithm.Knapsack\GeneticAlgorithm.Knapsack.csproj", "{D5BE8185-AEF5-43A9-B3B7-326B1027BFA6}"
EndProject
Global
	GlobalSection(SolutionConfigurationPlatforms) = preSolution
		Debug|Any CPU = Debug|Any CPU
		Release|Any CPU = Release|Any CPU
	EndGlobalSection
	GlobalSection(ProjectConfigurationPlatforms) = postSolution
		{A39A3A87-49AC-4226-AC4F-C9B2C12B75DF}.Debug|Any CPU.ActiveCfg = Debug|Any CPU
		{A39A3A87-49AC-4226-AC4F-C9B2C12B75DF}.Debug|Any CPU.Build.0 = Debug|Any CPU
		{A39A3A87-49AC-4226-AC4F-C9B2C12B75DF}.Release|Any CPU.ActiveCfg = Release|Any CPU
		{A39A3A87-49AC-4226-AC4F-C9B2C12B75DF}.Release|Any CPU.Build.0 = Release|Any CPU
		{72FA3CB6-B5E7-4311-AD05-A7478DAFE925}.Debug|Any CPU.ActiveCfg = Debug|Any CPU
		{72FA3CB6-B5E7-4311-AD05-A7478DAFE925}.Debug|Any CPU.Build.0 = Debug|Any CPU
		{72FA3CB6-B5E7-4311-AD05-A7478DAFE925}.Release|Any CPU.ActiveCfg = Release|Any CPU
		{72FA3CB6-B5E7-4311-AD05-A7478DAFE925}.Release|Any CPU.Build.0 = Release|Any CPU
		{D5BE8185-AEF5-43A9-B3B7-326B1027BFA6}.Debug|Any CPU.ActiveCfg = Debug|Any CPU
		{D5BE8185-AEF5-43A9-B3B7-326B1027BFA6}.Debug|Any CPU.Build.0 = Debug|Any CPU
		{D5BE8185-AEF5-43A9-B3B7-326B1027BFA6}.Release|Any CPU.ActiveCfg = Release|Any CPU
		{D5BE8185-AEF5-43A9-B3B7-326B1027BFA6}.Release|Any CPU.Build.0 = Release|Any CPU
	EndGlobalSection
	GlobalSection(SolutionProperties) = preSolution
		HideSolutionNode = FALSE
	EndGlobalSection
EndGlobal
